# This file is automatically @generated by Cargo.
# It is not intended for manual editing.
[[package]]
name = "getopts"
version = "0.2.21"
source = "registry+https://github.com/rust-lang/crates.io-index"
checksum = "14dbbfd5c71d70241ecf9e6f13737f7b5ce823821063188d7e46c41d371eebd5"
dependencies = [
 "unicode-width",
]

[[package]]
name = "gpt-fat-disk-image-create"
version = "0.1.0"
dependencies = [
 "mini_fat",
 "mini_gpt",
 "simon",
]

[[package]]
name = "gpt-fat-disk-image-list"
version = "0.1.0"
dependencies = [
 "mini_fat",
 "mini_gpt",
 "mini_hex_dump",
 "simon",
]

[[package]]
name = "mini_fat"
version = "0.1.0"
dependencies = [
 "mini_hex_dump",
]

[[package]]
name = "mini_gpt"
version = "0.1.0"
dependencies = [
 "mini_hex_dump",
]

[[package]]
name = "mini_hex_dump"
version = "0.1.0"

[[package]]
name = "simon"
version = "0.4.0"
source = "registry+https://github.com/rust-lang/crates.io-index"
checksum = "b2386cddce383b3e6b1cc51033bf078cce0afd0ab0afbb012988676f553fba23"
dependencies = [
 "getopts",
]

[[package]]
name = "unicode-width"
version = "0.1.8"
source = "registry+https://github.com/rust-lang/crates.io-index"
checksum = "9337591893a19b88d8d87f2cec1e73fad5cdfd10e5a6f349f498ad6ea2ffb1e3"
