# This file is automatically @generated by Cargo.
# It is not intended for manual editing.
[[package]]
name = "gpt-fat-disk-image-tools"
version = "0.1.0"
dependencies = [
 "meap",
 "mini_fat",
 "mini_gpt",
]

[[package]]
name = "meap"
version = "0.4.1"
source = "registry+https://github.com/rust-lang/crates.io-index"
checksum = "b2fa499c239f883ff18d65200dae2943462ec03f126236173b06be6480e7e259"

[[package]]
name = "mini_fat"
version = "0.1.0"

[[package]]
name = "mini_gpt"
version = "0.1.0"
